{
  "name": "b-proxy-cli",
  "version": "1.0.10",
  "lockfileVersion": 1,
  "requires": true,
  "dependencies": {
    "commander": {
      "version": "2.20.0",
      "resolved": "http://r.cnpmjs.org/commander/download/commander-2.20.0.tgz",
      "integrity": "sha1-1YuytcHuj4ew00ACfp6U4iLFpCI="
    },
    "node-forge": {
      "version": "0.6.49",
      "resolved": "https://registry.npm.taobao.org/node-forge/download/node-forge-0.6.49.tgz",
      "integrity": "sha1-8e6V1ddGI5OP4Z1piqWibVTS9g8="
    }
  }
}
